
Microsoft Visual Studio Solution File, Format Version 12.00
# Visual Studio Version 16
VisualStudioVersion = 16.0.30611.23
MinimumVisualStudioVersion = 10.0.40219.1
Project("{FAE04EC0-301F-11D3-BF4B-00C04F79EFBC}") = "TimesheetLaikasGroup", "TimesheetLaikasGroup\TimesheetLaikasGroup.csproj", "{634F866D-0758-408D-8FC7-26CA039EABAF}"
EndProject
Global
	GlobalSection(SolutionConfigurationPlatforms) = preSolution
		Debug|Any CPU = Debug|Any CPU
		Release|Any CPU = Release|Any CPU
	EndGlobalSection
	GlobalSection(ProjectConfigurationPlatforms) = postSolution
		{634F866D-0758-408D-8FC7-26CA039EABAF}.Debug|Any CPU.ActiveCfg = Debug|Any CPU
		{634F866D-0758-408D-8FC7-26CA039EABAF}.Debug|Any CPU.Build.0 = Debug|Any CPU
		{634F866D-0758-408D-8FC7-26CA039EABAF}.Release|Any CPU.ActiveCfg = Release|Any CPU
		{634F866D-0758-408D-8FC7-26CA039EABAF}.Release|Any CPU.Build.0 = Release|Any CPU
	EndGlobalSection
	GlobalSection(SolutionProperties) = preSolution
		HideSolutionNode = FALSE
	EndGlobalSection
	GlobalSection(ExtensibilityGlobals) = postSolution
		SolutionGuid = {44EAB1F3-7D3C-4400-9257-FA96FBDB8BBC}
	EndGlobalSection
EndGlobal
